speakeasyVersion: 1.417.0
sources:
    local:
        sourceNamespace: local
        sourceRevisionDigest: sha256:324574bdf60f13623629c1f0af1134e00ef957ef51fbde5ec8ba0ac120b2980f
        sourceBlobDigest: sha256:d9d7d2c94627849dc7abad0dfb8156f26aebbe85eec8d277c90147b2931dcf76
        tags:
            - latest
targets:
    PFM-SDK:
        source: local
        sourceNamespace: local
        sourceRevisionDigest: sha256:324574bdf60f13623629c1f0af1134e00ef957ef51fbde5ec8ba0ac120b2980f
        sourceBlobDigest: sha256:d9d7d2c94627849dc7abad0dfb8156f26aebbe85eec8d277c90147b2931dcf76
workflow:
    workflowVersion: 1.0.0
    speakeasyVersion: latest
    sources:
        local:
            inputs:
                - location: ../../pfm-api/pfmapis/pfm-apis.yaml
            registry:
                location: registry.speakeasyapi.dev/fintech-galaxy/fintech-galaxy/local
    targets:
        PFM-SDK:
            target: go
            source: local
