speakeasyVersion: 1.418.1
sources:
    sdk -OAS:
        sourceNamespace: pfm--oas
        sourceRevisionDigest: sha256:b139a7c3dcf8097893fec5cc6639e5627c49c393c18878a0fa434dc14a7cde8a
        sourceBlobDigest: sha256:c170f59c716155bfae5a0c8425293d84b2259a30e6af5b112455c658625d140e
        tags:
            - latest
            - main
targets:
    sdk:
        source: sdk -OAS
        sourceNamespace: pfm--oas
        sourceRevisionDigest: sha256:b139a7c3dcf8097893fec5cc6639e5627c49c393c18878a0fa434dc14a7cde8a
        sourceBlobDigest: sha256:c170f59c716155bfae5a0c8425293d84b2259a30e6af5b112455c658625d140e
workflow:
    workflowVersion: 1.0.0
    speakeasyVersion: latest
    sources:
        sdk -OAS:
            inputs:
                - location: https://raw.githubusercontent.com/MostafaGamal/sdk/refs/heads/master/pfm-apis.yaml
            output: '  '
            registry:
                location: registry.speakeasyapi.dev/fintech-galaxy/fintech-galaxy/pfm--oas
    targets:
        sdk:
            target: go
            source: sdk -OAS
